{
  "name": "enclave-signer-local-kms-e2e",
  "version": "1.0.0",
  "lockfileVersion": 3,
  "requires": true,
  "packages": {
    "": {
      "name": "enclave-signer-local-kms-e2e",
      "version": "1.0.0",
      "dependencies": {
        "@actsecurity/iam-policy": "0.1.111",
        "@actsecurity/iam-simulate": "0.1.177"
      }
    },
    "node_modules/@actsecurity/iam-data": {
      "version": "0.21.202609121",
      "resolved": "https://registry.npmjs.org/@actsecurity/iam-data/-/iam-data-0.21.202609121.tgz",
      "integrity": "sha512-OfNgdLx+EDw337VxnAV8f7cQsSEtGpMPRyhWiYDHJOWD/YmS8uX8KMDCXWW5ZE+tZ2iv6/6BwnnyU1vgw6KHAw==",
      "license": "MIT"
    },
    "node_modules/@actsecurity/iam-policy": {
      "version": "0.1.111",
      "resolved": "https://registry.npmjs.org/@actsecurity/iam-policy/-/iam-policy-0.1.111.tgz",
      "integrity": "sha512-qroWjick1cNCPO2Uy/BwjtSY07mo9Eb7oDMK7f+4BlgtbtJc0k4ujLePPdY7U7k7YZieiM+XNdALus+45MJTXg==",
      "license": "AGPL-3.0-or-later"
    },
    "node_modules/@actsecurity/iam-simulate": {
      "version": "0.1.177",
      "resolved": "https://registry.npmjs.org/@actsecurity/iam-simulate/-/iam-simulate-0.1.177.tgz",
      "integrity": "sha512-aFsFXWO3HF9dLrX6gH/6zk4CO7ENaEoo9rIiM48fYgMCom8toiZ5e1XkphGghmZzO4g37BUvpItNiGg3VD0vdQ==",
      "license": "AGPL-3.0-or-later",
      "dependencies": {
        "@actsecurity/iam-data": ">=0.15.202511222 <1.0.0",
        "@actsecurity/iam-policy": "^0.1.89",
        "@actsecurity/iam-utils": "^0.1.78"
      }
    },
    "node_modules/@actsecurity/iam-utils": {
      "version": "0.1.83",
      "resolved": "https://registry.npmjs.org/@actsecurity/iam-utils/-/iam-utils-0.1.83.tgz",
      "integrity": "sha512-dFTL9Rjmm4LikHOkJItE3Ywcyzje2frL7lkMrNpdVqaH+QX77GAKFcI8viS5ggCtrkUA+mFKzlc/RjKNCG5NHQ==",
      "license": "AGPL-3.0-or-later"
    }
  }
}
